{
  "projects": [
    {
      "projectId": "2CtczDeUz9jL9qnFi6NWuQ",
      "version": "1.0.6",
      "dependencies": {
        "caTPwKxj5ZrD9LQ7DMdK4Z": "3.42.0"
      },
      "lang": "ts",
      "fileLocks": [
        {
          "type": "globalVariant",
          "assetId": "kb7NFax8VjYW",
          "checksum": "89f54c9f94f01448c38d9835829c99e3"
        },
        {
          "type": "renderModule",
          "assetId": "z50hW5Ihi9k5",
          "checksum": "a5b4233f7fae6f91ddc04c192205c3b5"
        },
        {
          "type": "cssRules",
          "assetId": "z50hW5Ihi9k5",
          "checksum": "a5b4233f7fae6f91ddc04c192205c3b5"
        },
        {
          "type": "renderModule",
          "assetId": "8u0yNVg3vXsq",
          "checksum": "df23402092c275f9bf93a4da4fd903c5"
        },
        {
          "type": "cssRules",
          "assetId": "8u0yNVg3vXsq",
          "checksum": "df23402092c275f9bf93a4da4fd903c5"
        },
        {
          "type": "renderModule",
          "assetId": "XdMR0R8lmSdz",
          "checksum": "7e4ac15881686ce7f5933c3d46a8256d"
        },
        {
          "type": "cssRules",
          "assetId": "XdMR0R8lmSdz",
          "checksum": "7e4ac15881686ce7f5933c3d46a8256d"
        },
        {
          "type": "icon",
          "assetId": "bBICBhwqdJEn",
          "checksum": "a624778d96466e7cd459e28e87c736e8"
        },
        {
          "type": "icon",
          "assetId": "4hUpITJttWoK",
          "checksum": "c16cb33ca67f2153c8614ca0cefb6684"
        },
        {
          "type": "icon",
          "assetId": "IUL_Z3b2VK27",
          "checksum": "8821dfc977224e19312912785f4a0290"
        },
        {
          "type": "image",
          "assetId": "cyI4ZarUDDWI",
          "checksum": "d4469b4760336bf35eefb3203c0813eb"
        },
        {
          "type": "renderModule",
          "assetId": "_F-nuwBX0XMK",
          "checksum": "4f80293959dfd18268378ff04fb6ebca"
        },
        {
          "type": "cssRules",
          "assetId": "_F-nuwBX0XMK",
          "checksum": "4f80293959dfd18268378ff04fb6ebca"
        },
        {
          "type": "image",
          "assetId": "PqXuZ3m_qsrD",
          "checksum": "6965120d85db2e71bfa901deb4123e95"
        },
        {
          "type": "image",
          "assetId": "l1s2wbmq6bXY",
          "checksum": "3438d2a7c6123d4d1b7bc33677561c7e"
        },
        {
          "type": "image",
          "assetId": "flLP6w5WEodY",
          "checksum": "67ae47969ded04d135e94b2448dd0b0e"
        },
        {
          "type": "image",
          "assetId": "xxaY_rOwuZAW",
          "checksum": "86701364c87bb55ad3778f0580511262"
        },
        {
          "type": "image",
          "assetId": "-7JLDqkzYxTl",
          "checksum": "53c5cdb3e18ffb7973e144ce8b457279"
        },
        {
          "type": "image",
          "assetId": "JGm45-BSFewE",
          "checksum": "aa3c7bc2fc0d04cba9576c4c2a959958"
        },
        {
          "assetId": "2CtczDeUz9jL9qnFi6NWuQ",
          "type": "projectCss",
          "checksum": "80221284c57f4851639f61128b970176"
        }
      ],
      "codegenVersion": "0.0.1"
    },
    {
      "projectId": "caTPwKxj5ZrD9LQ7DMdK4Z",
      "version": "3.42.0",
      "dependencies": {},
      "lang": "ts",
      "fileLocks": [
        {
          "assetId": "caTPwKxj5ZrD9LQ7DMdK4Z",
          "type": "projectCss",
          "checksum": "1c02168c6b23256606111fdfdbb63549"
        }
      ],
      "codegenVersion": "0.0.1"
    },
    {
      "projectId": "ohDidvG9XsCeFumugENU3J",
      "version": "6.31.0",
      "dependencies": {},
      "lang": "ts",
      "fileLocks": [
        {
          "assetId": "ohDidvG9XsCeFumugENU3J",
          "checksum": "f9cc098ce5640eefe7d9edb8470a210c",
          "type": "globalContexts"
        },
        {
          "assetId": "ohDidvG9XsCeFumugENU3J",
          "type": "projectCss",
          "checksum": "ba2a60a163fca4f4d510275088a2be53"
        }
      ],
      "codegenVersion": "0.0.1"
    }
  ],
  "cliVersion": "0.1.327"
}
