{
  "projects": [
    {
      "projectId": "2CtczDeUz9jL9qnFi6NWuQ",
      "version": "0.3.0",
      "dependencies": {
        "caTPwKxj5ZrD9LQ7DMdK4Z": "3.38.0"
      },
      "lang": "ts",
      "fileLocks": [
        {
          "type": "globalVariant",
          "assetId": "kb7NFax8VjYW",
          "checksum": "3a26146da84fc99238d6f726ff9b6e5e"
        },
        {
          "type": "renderModule",
          "assetId": "z50hW5Ihi9k5",
          "checksum": "b31d1641507048ab4f7055d8761bbc72"
        },
        {
          "type": "cssRules",
          "assetId": "z50hW5Ihi9k5",
          "checksum": "b31d1641507048ab4f7055d8761bbc72"
        },
        {
          "type": "renderModule",
          "assetId": "8u0yNVg3vXsq",
          "checksum": "3666ca99b526dec75ce5ee1ba21e7ae3"
        },
        {
          "type": "cssRules",
          "assetId": "8u0yNVg3vXsq",
          "checksum": "3666ca99b526dec75ce5ee1ba21e7ae3"
        },
        {
          "type": "renderModule",
          "assetId": "XdMR0R8lmSdz",
          "checksum": "b9d1c3f20d78e5fb383ad3c43e54c707"
        },
        {
          "type": "cssRules",
          "assetId": "XdMR0R8lmSdz",
          "checksum": "b9d1c3f20d78e5fb383ad3c43e54c707"
        },
        {
          "type": "icon",
          "assetId": "bBICBhwqdJEn",
          "checksum": "f69ac7871123b31bcfd09c527de66a36"
        },
        {
          "type": "icon",
          "assetId": "4hUpITJttWoK",
          "checksum": "be2769e464c565231e59eb1dbdcbc680"
        },
        {
          "type": "icon",
          "assetId": "IUL_Z3b2VK27",
          "checksum": "f8ee83a372a68c5c28e98fcdd36a7be6"
        },
        {
          "type": "image",
          "assetId": "cyI4ZarUDDWI",
          "checksum": "d4469b4760336bf35eefb3203c0813eb"
        },
        {
          "assetId": "2CtczDeUz9jL9qnFi6NWuQ",
          "type": "projectCss",
          "checksum": "ca22df23535ee01348fd2e1587fefcbb"
        }
      ],
      "codegenVersion": "0.0.1"
    },
    {
      "projectId": "caTPwKxj5ZrD9LQ7DMdK4Z",
      "version": "3.38.0",
      "dependencies": {},
      "lang": "ts",
      "fileLocks": [
        {
          "assetId": "caTPwKxj5ZrD9LQ7DMdK4Z",
          "type": "projectCss",
          "checksum": "e1ec850476829c38b0f9b6d4f7ac446a"
        }
      ],
      "codegenVersion": "0.0.1"
    }
  ],
  "cliVersion": "0.1.327"
}
