{
  "projects": [
    {
      "projectId": "2CtczDeUz9jL9qnFi6NWuQ",
      "version": "0.2.3",
      "dependencies": {},
      "lang": "ts",
      "fileLocks": [
        {
          "type": "globalVariant",
          "assetId": "kb7NFax8VjYW",
          "checksum": "3a26146da84fc99238d6f726ff9b6e5e"
        },
        {
          "type": "renderModule",
          "assetId": "z50hW5Ihi9k5",
          "checksum": "25dc6f80fe7c254e792c51fe2d43b4a9"
        },
        {
          "type": "cssRules",
          "assetId": "z50hW5Ihi9k5",
          "checksum": "25dc6f80fe7c254e792c51fe2d43b4a9"
        },
        {
          "type": "renderModule",
          "assetId": "8u0yNVg3vXsq",
          "checksum": "4deb8270912232ef29700376c2ee2340"
        },
        {
          "type": "cssRules",
          "assetId": "8u0yNVg3vXsq",
          "checksum": "4deb8270912232ef29700376c2ee2340"
        },
        {
          "type": "renderModule",
          "assetId": "XdMR0R8lmSdz",
          "checksum": "840794948d2228235831cd844aebde8f"
        },
        {
          "type": "cssRules",
          "assetId": "XdMR0R8lmSdz",
          "checksum": "840794948d2228235831cd844aebde8f"
        },
        {
          "type": "icon",
          "assetId": "bBICBhwqdJEn",
          "checksum": "f69ac7871123b31bcfd09c527de66a36"
        },
        {
          "type": "icon",
          "assetId": "4hUpITJttWoK",
          "checksum": "be2769e464c565231e59eb1dbdcbc680"
        },
        {
          "type": "icon",
          "assetId": "IUL_Z3b2VK27",
          "checksum": "f8ee83a372a68c5c28e98fcdd36a7be6"
        },
        {
          "type": "image",
          "assetId": "cyI4ZarUDDWI",
          "checksum": "d4469b4760336bf35eefb3203c0813eb"
        },
        {
          "assetId": "2CtczDeUz9jL9qnFi6NWuQ",
          "type": "projectCss",
          "checksum": "ca22df23535ee01348fd2e1587fefcbb"
        }
      ],
      "codegenVersion": "0.0.1"
    }
  ],
  "cliVersion": "0.1.327"
}
