{
  "plugin_type": "extractors",
  "name": "tap-postgres",
  "namespace": "tap_airbyte",
  "variant": "airbyte",
  "label": "PostgreSQL",
  "docs": "https://hub.meltano.com/extractors/tap-postgres--airbyte",
  "repo": "https://github.com/airbytehq/airbyte/tree/master/airbyte-integrations/connectors/source-postgres",
  "pip_url": "git+https://github.com/MeltanoLabs/tap-airbyte-wrapper.git",
  "executable": "tap-airbyte",
  "description": "PostgreSQL database extractor",
  "logo_url": "https://hub.meltano.com/assets/logos/extractors/postgres.png",
  "capabilities": [
    "about",
    "catalog",
    "discover",
    "schema-flattening",
    "state",
    "stream-maps"
  ],
  "settings_group_validation": [
    [
      "airbyte_config.database",
      "airbyte_config.host",
      "airbyte_config.port",
      "airbyte_config.username",
      "airbyte_spec",
      "airbyte_spec.image"
    ]
  ],
  "settings": [
    {
      "name": "airbyte_config.database",
      "kind": "string",
      "label": "Airbyte Config Database",
      "description": "Name of the database."
    },
    {
      "name": "airbyte_config.host",
      "kind": "string",
      "label": "Airbyte Config Host",
      "description": "Hostname of the database."
    },
    {
      "name": "airbyte_config.jdbc_url_params",
      "kind": "string",
      "label": "Airbyte Config Jdbc Url Params",
      "description": "Additional properties to pass to the JDBC URL string when connecting to the database formatted as 'key=value' pairs separated by the symbol '&'. (Eg. key1=value1&key2=value2&key3=value3). For more information read about <a href=\"https://jdbc.postgresql.org/documentation/head/connect.html\">JDBC URL parameters</a>."
    },
    {
      "name": "airbyte_config.password",
      "kind": "password",
      "label": "Airbyte Config Password",
      "description": "Password associated with the username.",
      "sensitive": true
    },
    {
      "name": "airbyte_config.port",
      "kind": "integer",
      "label": "Airbyte Config Port",
      "description": "Port of the database."
    },
    {
      "name": "airbyte_config.replication_method.initial_waiting_seconds",
      "kind": "integer",
      "label": "Airbyte Config Replication Method Initial Waiting Seconds",
      "description": "The amount of time the connector will wait when it launches to determine if there is new data to sync or not. Defaults to 300 seconds. Valid range: 120 seconds to 1200 seconds. Read about <a href=\"https://docs.airbyte.com/integrations/sources/postgres#step-5-optional-set-up-initial-waiting-time\">initial waiting time</a>."
    },
    {
      "name": "airbyte_config.replication_method.method",
      "kind": "string",
      "label": "Airbyte Config Replication Method Method",
      "description": "Standard, CDC"
    },
    {
      "name": "airbyte_config.replication_method.plugin",
      "kind": "options",
      "label": "Airbyte Config Replication Method Plugin",
      "description": "A logical decoding plugin installed on the PostgreSQL server. The `pgoutput` plugin is used by default. If the replication table contains a lot of big jsonb values it is recommended to use `wal2json` plugin. Read more about <a href=\"https://docs.airbyte.com/integrations/sources/postgres#step-2-select-a-replication-plugin\">selecting replication plugins</a>.",
      "options": [
        {
          "label": "Pgoutput",
          "value": "pgoutput"
        },
        {
          "label": "Wal2Json",
          "value": "wal2json"
        }
      ]
    },
    {
      "name": "airbyte_config.replication_method.publication",
      "kind": "string",
      "label": "Airbyte Config Replication Method Publication",
      "description": "A Postgres publication used for consuming changes. Read about <a href=\"https://docs.airbyte.com/integrations/sources/postgres#step-4-create-publications-and-replication-identities-for-tables\">publications and replication identities</a>."
    },
    {
      "name": "airbyte_config.replication_method.replication_slot",
      "kind": "string",
      "label": "Airbyte Config Replication Method Replication Slot",
      "description": "A plugin logical replication slot. Read about <a href=\"https://docs.airbyte.com/integrations/sources/postgres#step-3-create-replication-slot\">replication slots</a>."
    },
    {
      "name": "airbyte_config.schemas",
      "kind": "array",
      "label": "Airbyte Config Schemas",
      "description": "The list of schemas (case sensitive) to sync from. Defaults to public."
    },
    {
      "name": "airbyte_config.ssl",
      "kind": "boolean",
      "label": "Airbyte Config Ssl",
      "description": "Encrypt data using SSL. When activating SSL, please select one of the connection modes."
    },
    {
      "name": "airbyte_config.ssl_mode.ca_certificate",
      "kind": "string",
      "label": "Airbyte Config Ssl Mode Ca Certificate",
      "description": "CA certificate, CA certificate"
    },
    {
      "name": "airbyte_config.ssl_mode.client_certificate",
      "kind": "string",
      "label": "Airbyte Config Ssl Mode Client Certificate",
      "description": "Client certificate, Client certificate"
    },
    {
      "name": "airbyte_config.ssl_mode.client_key",
      "kind": "password",
      "label": "Airbyte Config Ssl Mode Client Key",
      "description": "Client key, Client key",
      "sensitive": true
    },
    {
      "name": "airbyte_config.ssl_mode.client_key_password",
      "kind": "password",
      "label": "Airbyte Config Ssl Mode Client Key Password",
      "description": "Password for keystorage. If you do not add it - the password will be generated automatically., Password for keystorage. If you do not add it - the password will be generated automatically.",
      "sensitive": true
    },
    {
      "name": "airbyte_config.ssl_mode.mode",
      "kind": "string",
      "label": "Airbyte Config Ssl Mode Mode",
      "description": "disable, allow, prefer, require, verify-ca, verify-full"
    },
    {
      "name": "airbyte_config.tunnel_method.ssh_key",
      "kind": "password",
      "label": "Airbyte Config Tunnel Method Ssh Key",
      "description": "OS-level user account ssh key credentials in RSA PEM format ( created with ssh-keygen -t rsa -m PEM -f myuser_rsa )",
      "sensitive": true
    },
    {
      "name": "airbyte_config.tunnel_method.tunnel_host",
      "kind": "string",
      "label": "Airbyte Config Tunnel Method Tunnel Host",
      "description": "Hostname of the jump server host that allows inbound ssh tunnel., Hostname of the jump server host that allows inbound ssh tunnel."
    },
    {
      "name": "airbyte_config.tunnel_method.tunnel_method",
      "kind": "string",
      "label": "Airbyte Config Tunnel Method Tunnel Method",
      "description": "NO_TUNNEL, SSH_KEY_AUTH, SSH_PASSWORD_AUTH"
    },
    {
      "name": "airbyte_config.tunnel_method.tunnel_port",
      "kind": "integer",
      "label": "Airbyte Config Tunnel Method Tunnel Port",
      "description": "Port on the proxy/jump server that accepts inbound ssh connections., Port on the proxy/jump server that accepts inbound ssh connections."
    },
    {
      "name": "airbyte_config.tunnel_method.tunnel_user",
      "kind": "string",
      "label": "Airbyte Config Tunnel Method Tunnel User",
      "description": "OS-level username for logging into the jump server host., OS-level username for logging into the jump server host"
    },
    {
      "name": "airbyte_config.tunnel_method.tunnel_user_password",
      "kind": "password",
      "label": "Airbyte Config Tunnel Method Tunnel User Password",
      "description": "OS-level password for logging into the jump server host",
      "sensitive": true
    },
    {
      "name": "airbyte_config.username",
      "kind": "string",
      "label": "Airbyte Config Username",
      "description": "Username to access the database."
    },
    {
      "name": "airbyte_spec.image",
      "kind": "string",
      "value": "airbyte/source-postgres",
      "label": "Airbyte Spec Image",
      "description": "Airbyte image to run"
    },
    {
      "name": "airbyte_spec.tag",
      "kind": "string",
      "value": "latest",
      "label": "Airbyte Spec Tag",
      "description": "Airbyte image tag"
    },
    {
      "name": "docker_mounts",
      "kind": "array",
      "label": "Docker Mounts",
      "description": "Docker mounts to make available to the Airbyte container. Expects a list of maps containing source, target, and type as is documented in the docker --mount documentation"
    },
    {
      "name": "flattening_enabled",
      "kind": "boolean",
      "label": "Flattening Enabled",
      "description": "'True' to enable schema flattening and automatically expand nested properties."
    },
    {
      "name": "flattening_max_depth",
      "kind": "integer",
      "label": "Flattening Max Depth",
      "description": "The max depth to flatten schemas."
    },
    {
      "name": "stream_map_config",
      "kind": "object",
      "label": "Stream Map Config",
      "description": "User-defined config values to be used within map expressions."
    },
    {
      "name": "stream_maps",
      "kind": "object",
      "label": "Stream Maps",
      "description": "Config object for stream maps capability. For more information check out [Stream Maps](https://sdk.meltano.com/en/latest/stream_maps.html)."
    }
  ]
}