{
  "plugin_type": "extractors",
  "name": "tap-airbyte-wrapper",
  "namespace": "tap_airbyte_wrapper",
  "variant": "meltanolabs",
  "label": "Airbyte Protocol Wrapper",
  "docs": "https://hub.meltano.com/extractors/tap-airbyte-wrapper--meltanolabs",
  "repo": "https://github.com/meltanolabs/tap-airbyte-wrapper",
  "pip_url": "git+https://github.com/meltanolabs/tap-airbyte-wrapper.git",
  "executable": "tap-airbyte-wrapper",
  "description": "Wrapper for running Airbyte protocol connectors in Meltano",
  "logo_url": "https://hub.meltano.com/assets/logos/extractors/airbyte.png",
  "capabilities": [
    "about",
    "catalog",
    "discover",
    "schema-flattening",
    "state",
    "stream-maps"
  ],
  "settings_group_validation": [
    [
      "airbyte_spec",
      "airbyte_spec.image"
    ]
  ],
  "settings": [
    {
      "name": "airbyte_config",
      "kind": "object",
      "label": "Airbyte Config",
      "description": "Configuration to pass through to the Airbyte source connector, this can be gleaned by running the the tap with the `--about` flag and the `--config` flag pointing to a file containing the `airbyte_spec` configuration. This is a JSON object."
    },
    {
      "name": "airbyte_spec.image",
      "kind": "string",
      "label": "Airbyte Spec Image",
      "description": "Airbyte image to run"
    },
    {
      "name": "airbyte_spec.tag",
      "kind": "string",
      "label": "Airbyte Spec Tag",
      "description": "Airbyte image tag"
    },
    {
      "name": "docker_mounts",
      "kind": "array",
      "label": "Docker Mounts",
      "description": "Docker mounts to make available to the Airbyte container. Expects a list of maps containing source, target, and type as is documented in the docker --mount documentation"
    },
    {
      "name": "flattening_enabled",
      "kind": "boolean",
      "label": "Flattening Enabled",
      "description": "'True' to enable schema flattening and automatically expand nested properties."
    },
    {
      "name": "flattening_max_depth",
      "kind": "integer",
      "label": "Flattening Max Depth",
      "description": "The max depth to flatten schemas."
    },
    {
      "name": "stream_map_config",
      "kind": "object",
      "label": "Stream Map Config",
      "description": "User-defined config values to be used within map expressions."
    },
    {
      "name": "stream_maps",
      "kind": "object",
      "label": "Stream Maps",
      "description": "Config object for stream maps capability. For more information check out [Stream Maps](https://sdk.meltano.com/en/latest/stream_maps.html)."
    }
  ]
}