version = 1
revision = 3
requires-python = "==3.12.*"

[manifest]
members = [
    "sample",
    "sample-project",
]

[[package]]
name = "sample"
version = "1.0.0"
source = { editable = "." }

[[package]]
name = "sample-project"
version = "0.1.0"
source = { editable = "sample-project" }
dependencies = [
    { name = "sqlglot" },
]

[package.metadata]
requires-dist = [{ name = "sqlglot", specifier = ">=27.28.1" }]

[[package]]
name = "sqlglot"
version = "28.0.0"
source = { registry = "https://pypi.org/simple" }
sdist = { url = "https://files.pythonhosted.org/packages/52/8d/9ce5904aca760b81adf821c77a1dcf07c98f9caaa7e3b5c991c541ff89d2/sqlglot-28.0.0.tar.gz", hash = "sha256:cc9a651ef4182e61dac58aa955e5fb21845a5865c6a4d7d7b5a7857450285ad4", size = 5520798, upload-time = "2025-11-17T10:34:57.016Z" }
wheels = [
    { url = "https://files.pythonhosted.org/packages/56/6d/86de134f40199105d2fee1b066741aa870b3ce75ee74018d9c8508bbb182/sqlglot-28.0.0-py3-none-any.whl", hash = "sha256:ac1778e7fa4812f4f7e5881b260632fc167b00ca4c1226868891fb15467122e4", size = 536127, upload-time = "2025-11-17T10:34:55.192Z" },
]
